// !$*UTF8*$!
{
	archiveVersion = 1;
	classes = {
	};
	objectVersion = 50;
	objects = {

/* Begin PBXBuildFile section */
		263C3F6620A0E18A00EA7A2E /* AppDelegate.swift in Sources */ = {isa = PBXBuildFile; fileRef = 263C3F6520A0E18A00EA7A2E /* AppDelegate.swift */; };
		263C3F6820A0E18A00EA7A2E /* ViewController.swift in Sources */ = {isa = PBXBuildFile; fileRef = 263C3F6720A0E18A00EA7A2E /* ViewController.swift */; };
		263C3F6B20A0E18A00EA7A2E /* Main.storyboard in Resources */ = {isa = PBXBuildFile; fileRef = 263C3F6920A0E18A00EA7A2E /* Main.storyboard */; };
		263C3F6D20A0E18C00EA7A2E /* Assets.xcassets in Resources */ = {isa = PBXBuildFile; fileRef = 263C3F6C20A0E18C00EA7A2E /* Assets.xcassets */; };
		263C3F7020A0E18C00EA7A2E /* LaunchScreen.storyboard in Resources */ = {isa = PBXBuildFile; fileRef = 263C3F6E20A0E18C00EA7A2E /* LaunchScreen.storyboard */; };
		263C3F7B20A0E18C00EA7A2E /* Centrifuge_iOSTests.swift in Sources */ = {isa = PBXBuildFile; fileRef = 263C3F7A20A0E18C00EA7A2E /* Centrifuge_iOSTests.swift */; };
		263C3F8620A0E18C00EA7A2E /* Centrifuge_iOSUITests.swift in Sources */ = {isa = PBXBuildFile; fileRef = 263C3F8520A0E18C00EA7A2E /* Centrifuge_iOSUITests.swift */; };
		263C3F9420A0E20300EA7A2E /* Centrifuge.framework in Frameworks */ = {isa = PBXBuildFile; fileRef = 263C3F9320A0E20300EA7A2E /* Centrifuge.framework */; };
/* End PBXBuildFile section */

/* Begin PBXContainerItemProxy section */
		263C3F7720A0E18C00EA7A2E /* PBXContainerItemProxy */ = {
			isa = PBXContainerItemProxy;
			containerPortal = 263C3F5A20A0E18A00EA7A2E /* Project object */;
			proxyType = 1;
			remoteGlobalIDString = 263C3F6120A0E18A00EA7A2E;
			remoteInfo = "Centrifuge-iOS";
		};
		263C3F8220A0E18C00EA7A2E /* PBXContainerItemProxy */ = {
			isa = PBXContainerItemProxy;
			containerPortal = 263C3F5A20A0E18A00EA7A2E /* Project object */;
			proxyType = 1;
			remoteGlobalIDString = 263C3F6120A0E18A00EA7A2E;
			remoteInfo = "Centrifuge-iOS";
		};
/* End PBXContainerItemProxy section */

/* Begin PBXFileReference section */
		263C3F6220A0E18A00EA7A2E /* Centrifuge-iOS.app */ = {isa = PBXFileReference; explicitFileType = wrapper.application; includeInIndex = 0; path = "Centrifuge-iOS.app"; sourceTree = BUILT_PRODUCTS_DIR; };
		263C3F6520A0E18A00EA7A2E /* AppDelegate.swift */ = {isa = PBXFileReference; lastKnownFileType = sourcecode.swift; path = AppDelegate.swift; sourceTree = "<group>"; };
		263C3F6720A0E18A00EA7A2E /* ViewController.swift */ = {isa = PBXFileReference; lastKnownFileType = sourcecode.swift; path = ViewController.swift; sourceTree = "<group>"; };
		263C3F6A20A0E18A00EA7A2E /* Base */ = {isa = PBXFileReference; lastKnownFileType = file.storyboard; name = Base; path = Base.lproj/Main.storyboard; sourceTree = "<group>"; };
		263C3F6C20A0E18C00EA7A2E /* Assets.xcassets */ = {isa = PBXFileReference; lastKnownFileType = folder.assetcatalog; path = Assets.xcassets; sourceTree = "<group>"; };
		263C3F6F20A0E18C00EA7A2E /* Base */ = {isa = PBXFileReference; lastKnownFileType = file.storyboard; name = Base; path = Base.lproj/LaunchScreen.storyboard; sourceTree = "<group>"; };
		263C3F7120A0E18C00EA7A2E /* Info.plist */ = {isa = PBXFileReference; lastKnownFileType = text.plist.xml; path = Info.plist; sourceTree = "<group>"; };
		263C3F7620A0E18C00EA7A2E /* Centrifuge-iOSTests.xctest */ = {isa = PBXFileReference; explicitFileType = wrapper.cfbundle; includeInIndex = 0; path = "Centrifuge-iOSTests.xctest"; sourceTree = BUILT_PRODUCTS_DIR; };
		263C3F7A20A0E18C00EA7A2E /* Centrifuge_iOSTests.swift */ = {isa = PBXFileReference; lastKnownFileType = sourcecode.swift; path = Centrifuge_iOSTests.swift; sourceTree = "<group>"; };
		263C3F7C20A0E18C00EA7A2E /* Info.plist */ = {isa = PBXFileReference; lastKnownFileType = text.plist.xml; path = Info.plist; sourceTree = "<group>"; };
		263C3F8120A0E18C00EA7A2E /* Centrifuge-iOSUITests.xctest */ = {isa = PBXFileReference; explicitFileType = wrapper.cfbundle; includeInIndex = 0; path = "Centrifuge-iOSUITests.xctest"; sourceTree = BUILT_PRODUCTS_DIR; };
		263C3F8520A0E18C00EA7A2E /* Centrifuge_iOSUITests.swift */ = {isa = PBXFileReference; lastKnownFileType = sourcecode.swift; path = Centrifuge_iOSUITests.swift; sourceTree = "<group>"; };
		263C3F8720A0E18C00EA7A2E /* Info.plist */ = {isa = PBXFileReference; lastKnownFileType = text.plist.xml; path = Info.plist; sourceTree = "<group>"; };
		263C3F9320A0E20300EA7A2E /* Centrifuge.framework */ = {isa = PBXFileReference; lastKnownFileType = wrapper.framework; path = Centrifuge.framework; sourceTree = "<group>"; };
/* End PBXFileReference section */

/* Begin PBXFrameworksBuildPhase section */
		263C3F5F20A0E18A00EA7A2E /* Frameworks */ = {
			isa = PBXFrameworksBuildPhase;
			buildActionMask = 2147483647;
			files = (
				263C3F9420A0E20300EA7A2E /* Centrifuge.framework in Frameworks */,
			);
			runOnlyForDeploymentPostprocessing = 0;
		};
		263C3F7320A0E18C00EA7A2E /* Frameworks */ = {
			isa = PBXFrameworksBuildPhase;
			buildActionMask = 2147483647;
			files = (
			);
			runOnlyForDeploymentPostprocessing = 0;
		};
		263C3F7E20A0E18C00EA7A2E /* Frameworks */ = {
			isa = PBXFrameworksBuildPhase;
			buildActionMask = 2147483647;
			files = (
			);
			runOnlyForDeploymentPostprocessing = 0;
		};
/* End PBXFrameworksBuildPhase section */

/* Begin PBXGroup section */
		263C3F5920A0E18A00EA7A2E = {
			isa = PBXGroup;
			children = (
				263C3F9320A0E20300EA7A2E /* Centrifuge.framework */,
				263C3F6420A0E18A00EA7A2E /* Centrifuge-iOS */,
				263C3F7920A0E18C00EA7A2E /* Centrifuge-iOSTests */,
				263C3F8420A0E18C00EA7A2E /* Centrifuge-iOSUITests */,
				263C3F6320A0E18A00EA7A2E /* Products */,
			);
			sourceTree = "<group>";
		};
		263C3F6320A0E18A00EA7A2E /* Products */ = {
			isa = PBXGroup;
			children = (
				263C3F6220A0E18A00EA7A2E /* Centrifuge-iOS.app */,
				263C3F7620A0E18C00EA7A2E /* Centrifuge-iOSTests.xctest */,
				263C3F8120A0E18C00EA7A2E /* Centrifuge-iOSUITests.xctest */,
			);
			name = Products;
			sourceTree = "<group>";
		};
		263C3F6420A0E18A00EA7A2E /* Centrifuge-iOS */ = {
			isa = PBXGroup;
			children = (
				263C3F6520A0E18A00EA7A2E /* AppDelegate.swift */,
				263C3F6720A0E18A00EA7A2E /* ViewController.swift */,
				263C3F6920A0E18A00EA7A2E /* Main.storyboard */,
				263C3F6C20A0E18C00EA7A2E /* Assets.xcassets */,
				263C3F6E20A0E18C00EA7A2E /* LaunchScreen.storyboard */,
				263C3F7120A0E18C00EA7A2E /* Info.plist */,
			);
			path = "Centrifuge-iOS";
			sourceTree = "<group>";
		};
		263C3F7920A0E18C00EA7A2E /* Centrifuge-iOSTests */ = {
			isa = PBXGroup;
			children = (
				263C3F7A20A0E18C00EA7A2E /* Centrifuge_iOSTests.swift */,
				263C3F7C20A0E18C00EA7A2E /* Info.plist */,
			);
			path = "Centrifuge-iOSTests";
			sourceTree = "<group>";
		};
		263C3F8420A0E18C00EA7A2E /* Centrifuge-iOSUITests */ = {
			isa = PBXGroup;
			children = (
				263C3F8520A0E18C00EA7A2E /* Centrifuge_iOSUITests.swift */,
				263C3F8720A0E18C00EA7A2E /* Info.plist */,
			);
			path = "Centrifuge-iOSUITests";
			sourceTree = "<group>";
		};
/* End PBXGroup section */

/* Begin PBXNativeTarget section */
		263C3F6120A0E18A00EA7A2E /* Centrifuge-iOS */ = {
			isa = PBXNativeTarget;
			buildConfigurationList = 263C3F8A20A0E18C00EA7A2E /* Build configuration list for PBXNativeTarget "Centrifuge-iOS" */;
			buildPhases = (
				263C3F5E20A0E18A00EA7A2E /* Sources */,
				263C3F5F20A0E18A00EA7A2E /* Frameworks */,
				263C3F6020A0E18A00EA7A2E /* Resources */,
			);
			buildRules = (
			);
			dependencies = (
			);
			name = "Centrifuge-iOS";
			productName = "Centrifuge-iOS";
			productReference = 263C3F6220A0E18A00EA7A2E /* Centrifuge-iOS.app */;
			productType = "com.apple.product-type.application";
		};
		263C3F7520A0E18C00EA7A2E /* Centrifuge-iOSTests */ = {
			isa = PBXNativeTarget;
			buildConfigurationList = 263C3F8D20A0E18C00EA7A2E /* Build configuration list for PBXNativeTarget "Centrifuge-iOSTests" */;
			buildPhases = (
				263C3F7220A0E18C00EA7A2E /* Sources */,
				263C3F7320A0E18C00EA7A2E /* Frameworks */,
				263C3F7420A0E18C00EA7A2E /* Resources */,
			);
			buildRules = (
			);
			dependencies = (
				263C3F7820A0E18C00EA7A2E /* PBXTargetDependency */,
			);
			name = "Centrifuge-iOSTests";
			productName = "Centrifuge-iOSTests";
			productReference = 263C3F7620A0E18C00EA7A2E /* Centrifuge-iOSTests.xctest */;
			productType = "com.apple.product-type.bundle.unit-test";
		};
		263C3F8020A0E18C00EA7A2E /* Centrifuge-iOSUITests */ = {
			isa = PBXNativeTarget;
			buildConfigurationList = 263C3F9020A0E18C00EA7A2E /* Build configuration list for PBXNativeTarget "Centrifuge-iOSUITests" */;
			buildPhases = (
				263C3F7D20A0E18C00EA7A2E /* Sources */,
				263C3F7E20A0E18C00EA7A2E /* Frameworks */,
				263C3F7F20A0E18C00EA7A2E /* Resources */,
			);
			buildRules = (
			);
			dependencies = (
				263C3F8320A0E18C00EA7A2E /* PBXTargetDependency */,
			);
			name = "Centrifuge-iOSUITests";
			productName = "Centrifuge-iOSUITests";
			productReference = 263C3F8120A0E18C00EA7A2E /* Centrifuge-iOSUITests.xctest */;
			productType = "com.apple.product-type.bundle.ui-testing";
		};
/* End PBXNativeTarget section */

/* Begin PBXProject section */
		263C3F5A20A0E18A00EA7A2E /* Project object */ = {
			isa = PBXProject;
			attributes = {
				LastSwiftUpdateCheck = 0930;
				LastUpgradeCheck = 0930;
				ORGANIZATIONNAME = "Alexander Emelin";
				TargetAttributes = {
					263C3F6120A0E18A00EA7A2E = {
						CreatedOnToolsVersion = 9.3;
					};
					263C3F7520A0E18C00EA7A2E = {
						CreatedOnToolsVersion = 9.3;
						TestTargetID = 263C3F6120A0E18A00EA7A2E;
					};
					263C3F8020A0E18C00EA7A2E = {
						CreatedOnToolsVersion = 9.3;
						TestTargetID = 263C3F6120A0E18A00EA7A2E;
					};
				};
			};
			buildConfigurationList = 263C3F5D20A0E18A00EA7A2E /* Build configuration list for PBXProject "Centrifuge-iOS" */;
			compatibilityVersion = "Xcode 9.3";
			developmentRegion = en;
			hasScannedForEncodings = 0;
			knownRegions = (
				en,
				Base,
			);
			mainGroup = 263C3F5920A0E18A00EA7A2E;
			productRefGroup = 263C3F6320A0E18A00EA7A2E /* Products */;
			projectDirPath = "";
			projectRoot = "";
			targets = (
				263C3F6120A0E18A00EA7A2E /* Centrifuge-iOS */,
				263C3F7520A0E18C00EA7A2E /* Centrifuge-iOSTests */,
				263C3F8020A0E18C00EA7A2E /* Centrifuge-iOSUITests */,
			);
		};
/* End PBXProject section */

/* Begin PBXResourcesBuildPhase section */
		263C3F6020A0E18A00EA7A2E /* Resources */ = {
			isa = PBXResourcesBuildPhase;
			buildActionMask = 2147483647;
			files = (
				263C3F7020A0E18C00EA7A2E /* LaunchScreen.storyboard in Resources */,
				263C3F6D20A0E18C00EA7A2E /* Assets.xcassets in Resources */,
				263C3F6B20A0E18A00EA7A2E /* Main.storyboard in Resources */,
			);
			runOnlyForDeploymentPostprocessing = 0;
		};
		263C3F7420A0E18C00EA7A2E /* Resources */ = {
			isa = PBXResourcesBuildPhase;
			buildActionMask = 2147483647;
			files = (
			);
			runOnlyForDeploymentPostprocessing = 0;
		};
		263C3F7F20A0E18C00EA7A2E /* Resources */ = {
			isa = PBXResourcesBuildPhase;
			buildActionMask = 2147483647;
			files = (
			);
			runOnlyForDeploymentPostprocessing = 0;
		};
/* End PBXResourcesBuildPhase section */

/* Begin PBXSourcesBuildPhase section */
		263C3F5E20A0E18A00EA7A2E /* Sources */ = {
			isa = PBXSourcesBuildPhase;
			buildActionMask = 2147483647;
			files = (
				263C3F6820A0E18A00EA7A2E /* ViewController.swift in Sources */,
				263C3F6620A0E18A00EA7A2E /* AppDelegate.swift in Sources */,
			);
			runOnlyForDeploymentPostprocessing = 0;
		};
		263C3F7220A0E18C00EA7A2E /* Sources */ = {
			isa = PBXSourcesBuildPhase;
			buildActionMask = 2147483647;
			files = (
				263C3F7B20A0E18C00EA7A2E /* Centrifuge_iOSTests.swift in Sources */,
			);
			runOnlyForDeploymentPostprocessing = 0;
		};
		263C3F7D20A0E18C00EA7A2E /* Sources */ = {
			isa = PBXSourcesBuildPhase;
			buildActionMask = 2147483647;
			files = (
				263C3F8620A0E18C00EA7A2E /* Centrifuge_iOSUITests.swift in Sources */,
			);
			runOnlyForDeploymentPostprocessing = 0;
		};
/* End PBXSourcesBuildPhase section */

/* Begin PBXTargetDependency section */
		263C3F7820A0E18C00EA7A2E /* PBXTargetDependency */ = {
			isa = PBXTargetDependency;
			target = 263C3F6120A0E18A00EA7A2E /* Centrifuge-iOS */;
			targetProxy = 263C3F7720A0E18C00EA7A2E /* PBXContainerItemProxy */;
		};
		263C3F8320A0E18C00EA7A2E /* PBXTargetDependency */ = {
			isa = PBXTargetDependency;
			target = 263C3F6120A0E18A00EA7A2E /* Centrifuge-iOS */;
			targetProxy = 263C3F8220A0E18C00EA7A2E /* PBXContainerItemProxy */;
		};
/* End PBXTargetDependency section */

/* Begin PBXVariantGroup section */
		263C3F6920A0E18A00EA7A2E /* Main.storyboard */ = {
			isa = PBXVariantGroup;
			children = (
				263C3F6A20A0E18A00EA7A2E /* Base */,
			);
			name = Main.storyboard;
			sourceTree = "<group>";
		};
		263C3F6E20A0E18C00EA7A2E /* LaunchScreen.storyboard */ = {
			isa = PBXVariantGroup;
			children = (
				263C3F6F20A0E18C00EA7A2E /* Base */,
			);
			name = LaunchScreen.storyboard;
			sourceTree = "<group>";
		};
/* End PBXVariantGroup section */

/* Begin XCBuildConfiguration section */
		263C3F8820A0E18C00EA7A2E /* Debug */ = {
			isa = XCBuildConfiguration;
			buildSettings = {
				ALWAYS_SEARCH_USER_PATHS = NO;
				CLANG_ANALYZER_NONNULL = YES;
				CLANG_ANALYZER_NUMBER_OBJECT_CONVERSION = YES_AGGRESSIVE;
				CLANG_CXX_LANGUAGE_STANDARD = "gnu++14";
				CLANG_CXX_LIBRARY = "libc++";
				CLANG_ENABLE_MODULES = YES;
				CLANG_ENABLE_OBJC_ARC = YES;
				CLANG_ENABLE_OBJC_WEAK = YES;
				CLANG_WARN_BLOCK_CAPTURE_AUTORELEASING = YES;
				CLANG_WARN_BOOL_CONVERSION = YES;
				CLANG_WARN_COMMA = YES;
				CLANG_WARN_CONSTANT_CONVERSION = YES;
				CLANG_WARN_DEPRECATED_OBJC_IMPLEMENTATIONS = YES;
				CLANG_WARN_DIRECT_OBJC_ISA_USAGE = YES_ERROR;
				CLANG_WARN_DOCUMENTATION_COMMENTS = YES;
				CLANG_WARN_EMPTY_BODY = YES;
				CLANG_WARN_ENUM_CONVERSION = YES;
				CLANG_WARN_INFINITE_RECURSION = YES;
				CLANG_WARN_INT_CONVERSION = YES;
				CLANG_WARN_NON_LITERAL_NULL_CONVERSION = YES;
				CLANG_WARN_OBJC_IMPLICIT_RETAIN_SELF = YES;
				CLANG_WARN_OBJC_LITERAL_CONVERSION = YES;
				CLANG_WARN_OBJC_ROOT_CLASS = YES_ERROR;
				CLANG_WARN_RANGE_LOOP_ANALYSIS = YES;
				CLANG_WARN_STRICT_PROTOTYPES = YES;
				CLANG_WARN_SUSPICIOUS_MOVE = YES;
				CLANG_WARN_UNGUARDED_AVAILABILITY = YES_AGGRESSIVE;
				CLANG_WARN_UNREACHABLE_CODE = YES;
				CLANG_WARN__DUPLICATE_METHOD_MATCH = YES;
				CODE_SIGN_IDENTITY = "iPhone Developer";
				COPY_PHASE_STRIP = NO;
				DEBUG_INFORMATION_FORMAT = dwarf;
				ENABLE_STRICT_OBJC_MSGSEND = YES;
				ENABLE_TESTABILITY = YES;
				GCC_C_LANGUAGE_STANDARD = gnu11;
				GCC_DYNAMIC_NO_PIC = NO;
				GCC_NO_COMMON_BLOCKS = YES;
				GCC_OPTIMIZATION_LEVEL = 0;
				GCC_PREPROCESSOR_DEFINITIONS = (
					"DEBUG=1",
					"$(inherited)",
				);
				GCC_WARN_64_TO_32_BIT_CONVERSION = YES;
				GCC_WARN_ABOUT_RETURN_TYPE = YES_ERROR;
				GCC_WARN_UNDECLARED_SELECTOR = YES;
				GCC_WARN_UNINITIALIZED_AUTOS = YES_AGGRESSIVE;
				GCC_WARN_UNUSED_FUNCTION = YES;
				GCC_WARN_UNUSED_VARIABLE = YES;
				IPHONEOS_DEPLOYMENT_TARGET = 11.3;
				MTL_ENABLE_DEBUG_INFO = YES;
				ONLY_ACTIVE_ARCH = YES;
				SDKROOT = iphoneos;
				SWIFT_ACTIVE_COMPILATION_CONDITIONS = DEBUG;
				SWIFT_OPTIMIZATION_LEVEL = "-Onone";
			};
			name = Debug;
		};
		263C3F8920A0E18C00EA7A2E /* Release */ = {
			isa = XCBuildConfiguration;
			buildSettings = {
				ALWAYS_SEARCH_USER_PATHS = NO;
				CLANG_ANALYZER_NONNULL = YES;
				CLANG_ANALYZER_NUMBER_OBJECT_CONVERSION = YES_AGGRESSIVE;
				CLANG_CXX_LANGUAGE_STANDARD = "gnu++14";
				CLANG_CXX_LIBRARY = "libc++";
				CLANG_ENABLE_MODULES = YES;
				CLANG_ENABLE_OBJC_ARC = YES;
				CLANG_ENABLE_OBJC_WEAK = YES;
				CLANG_WARN_BLOCK_CAPTURE_AUTORELEASING = YES;
				CLANG_WARN_BOOL_CONVERSION = YES;
				CLANG_WARN_COMMA = YES;
				CLANG_WARN_CONSTANT_CONVERSION = YES;
				CLANG_WARN_DEPRECATED_OBJC_IMPLEMENTATIONS = YES;
				CLANG_WARN_DIRECT_OBJC_ISA_USAGE = YES_ERROR;
				CLANG_WARN_DOCUMENTATION_COMMENTS = YES;
				CLANG_WARN_EMPTY_BODY = YES;
				CLANG_WARN_ENUM_CONVERSION = YES;
				CLANG_WARN_INFINITE_RECURSION = YES;
				CLANG_WARN_INT_CONVERSION = YES;
				CLANG_WARN_NON_LITERAL_NULL_CONVERSION = YES;
				CLANG_WARN_OBJC_IMPLICIT_RETAIN_SELF = YES;
				CLANG_WARN_OBJC_LITERAL_CONVERSION = YES;
				CLANG_WARN_OBJC_ROOT_CLASS = YES_ERROR;
				CLANG_WARN_RANGE_LOOP_ANALYSIS = YES;
				CLANG_WARN_STRICT_PROTOTYPES = YES;
				CLANG_WARN_SUSPICIOUS_MOVE = YES;
				CLANG_WARN_UNGUARDED_AVAILABILITY = YES_AGGRESSIVE;
				CLANG_WARN_UNREACHABLE_CODE = YES;
				CLANG_WARN__DUPLICATE_METHOD_MATCH = YES;
				CODE_SIGN_IDENTITY = "iPhone Developer";
				COPY_PHASE_STRIP = NO;
				DEBUG_INFORMATION_FORMAT = "dwarf-with-dsym";
				ENABLE_NS_ASSERTIONS = NO;
				ENABLE_STRICT_OBJC_MSGSEND = YES;
				GCC_C_LANGUAGE_STANDARD = gnu11;
				GCC_NO_COMMON_BLOCKS = YES;
				GCC_WARN_64_TO_32_BIT_CONVERSION = YES;
				GCC_WARN_ABOUT_RETURN_TYPE = YES_ERROR;
				GCC_WARN_UNDECLARED_SELECTOR = YES;
				GCC_WARN_UNINITIALIZED_AUTOS = YES_AGGRESSIVE;
				GCC_WARN_UNUSED_FUNCTION = YES;
				GCC_WARN_UNUSED_VARIABLE = YES;
				IPHONEOS_DEPLOYMENT_TARGET = 11.3;
				MTL_ENABLE_DEBUG_INFO = NO;
				SDKROOT = iphoneos;
				SWIFT_COMPILATION_MODE = wholemodule;
				SWIFT_OPTIMIZATION_LEVEL = "-O";
				VALIDATE_PRODUCT = YES;
			};
			name = Release;
		};
		263C3F8B20A0E18C00EA7A2E /* Debug */ = {
			isa = XCBuildConfiguration;
			buildSettings = {
				ASSETCATALOG_COMPILER_APPICON_NAME = AppIcon;
				CODE_SIGN_STYLE = Automatic;
				FRAMEWORK_SEARCH_PATHS = (
					"$(inherited)",
					"$(PROJECT_DIR)",
				);
				INFOPLIST_FILE = "Centrifuge-iOS/Info.plist";
				LD_RUNPATH_SEARCH_PATHS = (
					"$(inherited)",
					"@executable_path/Frameworks",
				);
				PRODUCT_BUNDLE_IDENTIFIER = "com.centrifugal.examples.Centrifuge-iOS";
				PRODUCT_NAME = "$(TARGET_NAME)";
				SWIFT_VERSION = 4.0;
				TARGETED_DEVICE_FAMILY = "1,2";
			};
			name = Debug;
		};
		263C3F8C20A0E18C00EA7A2E /* Release */ = {
			isa = XCBuildConfiguration;
			buildSettings = {
				ASSETCATALOG_COMPILER_APPICON_NAME = AppIcon;
				CODE_SIGN_STYLE = Automatic;
				FRAMEWORK_SEARCH_PATHS = (
					"$(inherited)",
					"$(PROJECT_DIR)",
				);
				INFOPLIST_FILE = "Centrifuge-iOS/Info.plist";
				LD_RUNPATH_SEARCH_PATHS = (
					"$(inherited)",
					"@executable_path/Frameworks",
				);
				PRODUCT_BUNDLE_IDENTIFIER = "com.centrifugal.examples.Centrifuge-iOS";
				PRODUCT_NAME = "$(TARGET_NAME)";
				SWIFT_VERSION = 4.0;
				TARGETED_DEVICE_FAMILY = "1,2";
			};
			name = Release;
		};
		263C3F8E20A0E18C00EA7A2E /* Debug */ = {
			isa = XCBuildConfiguration;
			buildSettings = {
				ALWAYS_EMBED_SWIFT_STANDARD_LIBRARIES = YES;
				BUNDLE_LOADER = "$(TEST_HOST)";
				CODE_SIGN_STYLE = Automatic;
				INFOPLIST_FILE = "Centrifuge-iOSTests/Info.plist";
				LD_RUNPATH_SEARCH_PATHS = (
					"$(inherited)",
					"@executable_path/Frameworks",
					"@loader_path/Frameworks",
				);
				PRODUCT_BUNDLE_IDENTIFIER = "com.centrifugal.examples.Centrifuge-iOSTests";
				PRODUCT_NAME = "$(TARGET_NAME)";
				SWIFT_VERSION = 4.0;
				TARGETED_DEVICE_FAMILY = "1,2";
				TEST_HOST = "$(BUILT_PRODUCTS_DIR)/Centrifuge-iOS.app/Centrifuge-iOS";
			};
			name = Debug;
		};
		263C3F8F20A0E18C00EA7A2E /* Release */ = {
			isa = XCBuildConfiguration;
			buildSettings = {
				ALWAYS_EMBED_SWIFT_STANDARD_LIBRARIES = YES;
				BUNDLE_LOADER = "$(TEST_HOST)";
				CODE_SIGN_STYLE = Automatic;
				INFOPLIST_FILE = "Centrifuge-iOSTests/Info.plist";
				LD_RUNPATH_SEARCH_PATHS = (
					"$(inherited)",
					"@executable_path/Frameworks",
					"@loader_path/Frameworks",
				);
				PRODUCT_BUNDLE_IDENTIFIER = "com.centrifugal.examples.Centrifuge-iOSTests";
				PRODUCT_NAME = "$(TARGET_NAME)";
				SWIFT_VERSION = 4.0;
				TARGETED_DEVICE_FAMILY = "1,2";
				TEST_HOST = "$(BUILT_PRODUCTS_DIR)/Centrifuge-iOS.app/Centrifuge-iOS";
			};
			name = Release;
		};
		263C3F9120A0E18C00EA7A2E /* Debug */ = {
			isa = XCBuildConfiguration;
			buildSettings = {
				ALWAYS_EMBED_SWIFT_STANDARD_LIBRARIES = YES;
				CODE_SIGN_STYLE = Automatic;
				INFOPLIST_FILE = "Centrifuge-iOSUITests/Info.plist";
				LD_RUNPATH_SEARCH_PATHS = (
					"$(inherited)",
					"@executable_path/Frameworks",
					"@loader_path/Frameworks",
				);
				PRODUCT_BUNDLE_IDENTIFIER = "com.centrifugal.examples.Centrifuge-iOSUITests";
				PRODUCT_NAME = "$(TARGET_NAME)";
				SWIFT_VERSION = 4.0;
				TARGETED_DEVICE_FAMILY = "1,2";
				TEST_TARGET_NAME = "Centrifuge-iOS";
			};
			name = Debug;
		};
		263C3F9220A0E18C00EA7A2E /* Release */ = {
			isa = XCBuildConfiguration;
			buildSettings = {
				ALWAYS_EMBED_SWIFT_STANDARD_LIBRARIES = YES;
				CODE_SIGN_STYLE = Automatic;
				INFOPLIST_FILE = "Centrifuge-iOSUITests/Info.plist";
				LD_RUNPATH_SEARCH_PATHS = (
					"$(inherited)",
					"@executable_path/Frameworks",
					"@loader_path/Frameworks",
				);
				PRODUCT_BUNDLE_IDENTIFIER = "com.centrifugal.examples.Centrifuge-iOSUITests";
				PRODUCT_NAME = "$(TARGET_NAME)";
				SWIFT_VERSION = 4.0;
				TARGETED_DEVICE_FAMILY = "1,2";
				TEST_TARGET_NAME = "Centrifuge-iOS";
			};
			name = Release;
		};
/* End XCBuildConfiguration section */

/* Begin XCConfigurationList section */
		263C3F5D20A0E18A00EA7A2E /* Build configuration list for PBXProject "Centrifuge-iOS" */ = {
			isa = XCConfigurationList;
			buildConfigurations = (
				263C3F8820A0E18C00EA7A2E /* Debug */,
				263C3F8920A0E18C00EA7A2E /* Release */,
			);
			defaultConfigurationIsVisible = 0;
			defaultConfigurationName = Release;
		};
		263C3F8A20A0E18C00EA7A2E /* Build configuration list for PBXNativeTarget "Centrifuge-iOS" */ = {
			isa = XCConfigurationList;
			buildConfigurations = (
				263C3F8B20A0E18C00EA7A2E /* Debug */,
				263C3F8C20A0E18C00EA7A2E /* Release */,
			);
			defaultConfigurationIsVisible = 0;
			defaultConfigurationName = Release;
		};
		263C3F8D20A0E18C00EA7A2E /* Build configuration list for PBXNativeTarget "Centrifuge-iOSTests" */ = {
			isa = XCConfigurationList;
			buildConfigurations = (
				263C3F8E20A0E18C00EA7A2E /* Debug */,
				263C3F8F20A0E18C00EA7A2E /* Release */,
			);
			defaultConfigurationIsVisible = 0;
			defaultConfigurationName = Release;
		};
		263C3F9020A0E18C00EA7A2E /* Build configuration list for PBXNativeTarget "Centrifuge-iOSUITests" */ = {
			isa = XCConfigurationList;
			buildConfigurations = (
				263C3F9120A0E18C00EA7A2E /* Debug */,
				263C3F9220A0E18C00EA7A2E /* Release */,
			);
			defaultConfigurationIsVisible = 0;
			defaultConfigurationName = Release;
		};
/* End XCConfigurationList section */
	};
	rootObject = 263C3F5A20A0E18A00EA7A2E /* Project object */;
}
